
Microsoft Visual Studio Solution File, Format Version 12.00
# Visual Studio 15
VisualStudioVersion = 15.0.27428.2037
MinimumVisualStudioVersion = 10.0.40219.1
Project("{FAE04EC0-301F-11D3-BF4B-00C04F79EFBC}") = "TP2", "TP2\TP2.csproj", "{D2C3B714-6E60-4F70-B422-72EBB687D229}"
EndProject
Global
	GlobalSection(SolutionConfigurationPlatforms) = preSolution
		Debug|Any CPU = Debug|Any CPU
		Release|Any CPU = Release|Any CPU
	EndGlobalSection
	GlobalSection(ProjectConfigurationPlatforms) = postSolution
		{D2C3B714-6E60-4F70-B422-72EBB687D229}.Debug|Any CPU.ActiveCfg = Debug|Any CPU
		{D2C3B714-6E60-4F70-B422-72EBB687D229}.Debug|Any CPU.Build.0 = Debug|Any CPU
		{D2C3B714-6E60-4F70-B422-72EBB687D229}.Release|Any CPU.ActiveCfg = Release|Any CPU
		{D2C3B714-6E60-4F70-B422-72EBB687D229}.Release|Any CPU.Build.0 = Release|Any CPU
	EndGlobalSection
	GlobalSection(SolutionProperties) = preSolution
		HideSolutionNode = FALSE
	EndGlobalSection
	GlobalSection(ExtensibilityGlobals) = postSolution
		SolutionGuid = {355AA2C9-EFCA-4133-8A06-972F86F2CAD7}
	EndGlobalSection
EndGlobal
